
Microsoft Visual Studio Solution File, Format Version 12.00
# Visual Studio 2012
Project("{8BC9CEB8-8B4A-11D0-8D11-00A0C91BC942}") = "VMSServer", "VMSServer\VMSServer.vcxproj", "{785EBD90-81F6-4E4A-B0F5-CB6A990652CA}"
EndProject
Project("{8BC9CEB8-8B4A-11D0-8D11-00A0C91BC942}") = "TestLED", "VC Demo\TestLED.vcxproj", "{90AB579C-788B-50A2-7121-6765FA57C3F7}"
EndProject
Global
	GlobalSection(SolutionConfigurationPlatforms) = preSolution
		Debug|Win32 = Debug|Win32
		Release|Win32 = Release|Win32
	EndGlobalSection
	GlobalSection(ProjectConfigurationPlatforms) = postSolution
		{785EBD90-81F6-4E4A-B0F5-CB6A990652CA}.Debug|Win32.ActiveCfg = Debug|Win32
		{785EBD90-81F6-4E4A-B0F5-CB6A990652CA}.Debug|Win32.Build.0 = Debug|Win32
		{785EBD90-81F6-4E4A-B0F5-CB6A990652CA}.Release|Win32.ActiveCfg = Release|Win32
		{785EBD90-81F6-4E4A-B0F5-CB6A990652CA}.Release|Win32.Build.0 = Release|Win32
		{90AB579C-788B-50A2-7121-6765FA57C3F7}.Debug|Win32.ActiveCfg = Debug|Win32
		{90AB579C-788B-50A2-7121-6765FA57C3F7}.Debug|Win32.Build.0 = Debug|Win32
		{90AB579C-788B-50A2-7121-6765FA57C3F7}.Release|Win32.ActiveCfg = Release|Win32
		{90AB579C-788B-50A2-7121-6765FA57C3F7}.Release|Win32.Build.0 = Release|Win32
	EndGlobalSection
	GlobalSection(SolutionProperties) = preSolution
		HideSolutionNode = FALSE
	EndGlobalSection
EndGlobal
