
Microsoft Visual Studio Solution File, Format Version 12.00
# Visual Studio 2013
VisualStudioVersion = 12.0.21005.1
MinimumVisualStudioVersion = 10.0.40219.1
Project("{FAE04EC0-301F-11D3-BF4B-00C04F79EFBC}") = "eVMS", "eVMS\eVMS.csproj", "{6C24EB95-48C0-4B47-B654-91E445C2CDD5}"
EndProject
Project("{2150E333-8FDC-42A3-9474-1A3956D46DE8}") = "Libs", "Libs", "{F577A67C-7362-4C9D-90BB-94710B0DEB4C}"
EndProject
Project("{FAE04EC0-301F-11D3-BF4B-00C04F79EFBC}") = "WpfPageTransitions", "Libs\WpfPageTransitions\WpfPageTransitions.csproj", "{22A46D61-1D40-43A9-802C-B9D43DADD9EC}"
EndProject
Project("{FAE04EC0-301F-11D3-BF4B-00C04F79EFBC}") = "WPFSpark", "Libs\WPFSpark\WPFSpark.csproj", "{98BE1309-CEB4-45EE-B4AD-28BAF0570FAB}"
EndProject
Global
	GlobalSection(SolutionConfigurationPlatforms) = preSolution
		Debug|Any CPU = Debug|Any CPU
		Release|Any CPU = Release|Any CPU
	EndGlobalSection
	GlobalSection(ProjectConfigurationPlatforms) = postSolution
		{6C24EB95-48C0-4B47-B654-91E445C2CDD5}.Debug|Any CPU.ActiveCfg = Debug|Any CPU
		{6C24EB95-48C0-4B47-B654-91E445C2CDD5}.Debug|Any CPU.Build.0 = Debug|Any CPU
		{6C24EB95-48C0-4B47-B654-91E445C2CDD5}.Release|Any CPU.ActiveCfg = Release|Any CPU
		{6C24EB95-48C0-4B47-B654-91E445C2CDD5}.Release|Any CPU.Build.0 = Release|Any CPU
		{22A46D61-1D40-43A9-802C-B9D43DADD9EC}.Debug|Any CPU.ActiveCfg = Debug|Any CPU
		{22A46D61-1D40-43A9-802C-B9D43DADD9EC}.Debug|Any CPU.Build.0 = Debug|Any CPU
		{22A46D61-1D40-43A9-802C-B9D43DADD9EC}.Release|Any CPU.ActiveCfg = Release|Any CPU
		{22A46D61-1D40-43A9-802C-B9D43DADD9EC}.Release|Any CPU.Build.0 = Release|Any CPU
		{98BE1309-CEB4-45EE-B4AD-28BAF0570FAB}.Debug|Any CPU.ActiveCfg = Debug|Any CPU
		{98BE1309-CEB4-45EE-B4AD-28BAF0570FAB}.Debug|Any CPU.Build.0 = Debug|Any CPU
		{98BE1309-CEB4-45EE-B4AD-28BAF0570FAB}.Release|Any CPU.ActiveCfg = Release|Any CPU
		{98BE1309-CEB4-45EE-B4AD-28BAF0570FAB}.Release|Any CPU.Build.0 = Release|Any CPU
	EndGlobalSection
	GlobalSection(SolutionProperties) = preSolution
		HideSolutionNode = FALSE
	EndGlobalSection
	GlobalSection(NestedProjects) = preSolution
		{22A46D61-1D40-43A9-802C-B9D43DADD9EC} = {F577A67C-7362-4C9D-90BB-94710B0DEB4C}
		{98BE1309-CEB4-45EE-B4AD-28BAF0570FAB} = {F577A67C-7362-4C9D-90BB-94710B0DEB4C}
	EndGlobalSection
EndGlobal
